
Microsoft Visual Studio Solution File, Format Version 12.00
# Visual Studio 15
VisualStudioVersion = 15.0.28307.1062
MinimumVisualStudioVersion = 10.0.40219.1
Project("{FAE04EC0-301F-11D3-BF4B-00C04F79EFBC}") = "pack_and_go", "pack_and_go\pack_and_go.csproj", "{2B77F3A1-300A-477C-8A0B-C40F2EDCACCC}"
EndProject
Project("{FAE04EC0-301F-11D3-BF4B-00C04F79EFBC}") = "pack_and_go_tests", "pack_and_go_tests\pack_and_go_tests.csproj", "{65A6E7D3-26F1-447D-BC46-B16971E685E6}"
EndProject
Global
	GlobalSection(SolutionConfigurationPlatforms) = preSolution
		Debug|Any CPU = Debug|Any CPU
		Release|Any CPU = Release|Any CPU
	EndGlobalSection
	GlobalSection(ProjectConfigurationPlatforms) = postSolution
		{2B77F3A1-300A-477C-8A0B-C40F2EDCACCC}.Debug|Any CPU.ActiveCfg = Debug|Any CPU
		{2B77F3A1-300A-477C-8A0B-C40F2EDCACCC}.Debug|Any CPU.Build.0 = Debug|Any CPU
		{2B77F3A1-300A-477C-8A0B-C40F2EDCACCC}.Release|Any CPU.ActiveCfg = Release|Any CPU
		{2B77F3A1-300A-477C-8A0B-C40F2EDCACCC}.Release|Any CPU.Build.0 = Release|Any CPU
		{65A6E7D3-26F1-447D-BC46-B16971E685E6}.Debug|Any CPU.ActiveCfg = Debug|Any CPU
		{65A6E7D3-26F1-447D-BC46-B16971E685E6}.Debug|Any CPU.Build.0 = Debug|Any CPU
		{65A6E7D3-26F1-447D-BC46-B16971E685E6}.Release|Any CPU.ActiveCfg = Release|Any CPU
		{65A6E7D3-26F1-447D-BC46-B16971E685E6}.Release|Any CPU.Build.0 = Release|Any CPU
	EndGlobalSection
	GlobalSection(SolutionProperties) = preSolution
		HideSolutionNode = FALSE
	EndGlobalSection
	GlobalSection(ExtensibilityGlobals) = postSolution
		SolutionGuid = {BCC33F8F-D181-4227-A7EF-BA8B4CF03D66}
	EndGlobalSection
EndGlobal
